# THIS IS AN AUTOGENERATED FILE. DO NOT EDIT THIS FILE DIRECTLY.
# yarn lockfile v1


bulma@^0.8.0:
  version "0.8.0"
  resolved "http://bnpm.byted.org/bulma/download/bulma-0.8.0.tgz#ac1606431703a4761b18a4a2d5cc1fa864a2aece"
  integrity sha1-rBYGQxcDpHYbGKSi1cwfqGSirs4=

mini.css@^3.0.1:
  version "3.0.1"
  resolved "http://bnpm.byted.org/mini.css/download/mini.css-3.0.1.tgz#f6236e99997bbd19484d5655d087ec96b887af68"
  integrity sha1-9iNumZl7vRlITVZV0IfslriHr2g=

pinia@^0.1.0-alpha.1:
  version "0.1.0-alpha.1"
  resolved "http://bnpm.byted.org/pinia/download/pinia-0.1.0-alpha.1.tgz#965bd3fa9d95e846f21450c8d99048a11ac7e3e9"
  integrity sha1-llvT+p2V6EbyFFDI2ZBIoRrH4+k=

typescript@^3.8.2:
  version "3.8.2"
  resolved "http://bnpm.byted.org/typescript/download/typescript-3.8.2.tgz#91d6868aaead7da74f493c553aeff76c0c0b1d5a"
  integrity sha1-kdaGiq6tfadPSTxVOu/3bAwLHVo=
